
Microsoft Visual Studio Solution File, Format Version 12.00
# Visual Studio Version 16
VisualStudioVersion = 16.0.30907.101
MinimumVisualStudioVersion = 10.0.40219.1
Project("{9A19103F-16F7-4668-BE54-9A1E7A4F7556}") = "HotelAppServer", "HotelAppServer\HotelAppServer.csproj", "{CA39E932-9AA4-4FC0-A685-C9FB275FB1CF}"
EndProject
Project("{9A19103F-16F7-4668-BE54-9A1E7A4F7556}") = "HotelAppClient", "HotelAppClient\HotelAppClient.csproj", "{C6AF3DF1-A9C2-4187-A505-3A4CF85F9289}"
EndProject
Global
	GlobalSection(SolutionConfigurationPlatforms) = preSolution
		Debug|Any CPU = Debug|Any CPU
		Release|Any CPU = Release|Any CPU
	EndGlobalSection
	GlobalSection(ProjectConfigurationPlatforms) = postSolution
		{CA39E932-9AA4-4FC0-A685-C9FB275FB1CF}.Debug|Any CPU.ActiveCfg = Debug|Any CPU
		{CA39E932-9AA4-4FC0-A685-C9FB275FB1CF}.Debug|Any CPU.Build.0 = Debug|Any CPU
		{CA39E932-9AA4-4FC0-A685-C9FB275FB1CF}.Release|Any CPU.ActiveCfg = Release|Any CPU
		{CA39E932-9AA4-4FC0-A685-C9FB275FB1CF}.Release|Any CPU.Build.0 = Release|Any CPU
		{C6AF3DF1-A9C2-4187-A505-3A4CF85F9289}.Debug|Any CPU.ActiveCfg = Debug|Any CPU
		{C6AF3DF1-A9C2-4187-A505-3A4CF85F9289}.Debug|Any CPU.Build.0 = Debug|Any CPU
		{C6AF3DF1-A9C2-4187-A505-3A4CF85F9289}.Release|Any CPU.ActiveCfg = Release|Any CPU
		{C6AF3DF1-A9C2-4187-A505-3A4CF85F9289}.Release|Any CPU.Build.0 = Release|Any CPU
	EndGlobalSection
	GlobalSection(SolutionProperties) = preSolution
		HideSolutionNode = FALSE
	EndGlobalSection
	GlobalSection(ExtensibilityGlobals) = postSolution
		SolutionGuid = {1DC5E6C8-0B43-4A8D-940C-7716E6AE4D4D}
	EndGlobalSection
EndGlobal
