
Microsoft Visual Studio Solution File, Format Version 12.00
# Visual Studio Version 16
VisualStudioVersion = 16.0.30711.63
MinimumVisualStudioVersion = 10.0.40219.1
Project("{9A19103F-16F7-4668-BE54-9A1E7A4F7556}") = "EmployeeManagement.Web", "EmployeeManagement.Web\EmployeeManagement.Web.csproj", "{A5D98519-DA02-4CBD-8D34-80B62D16DE0F}"
EndProject
Project("{9A19103F-16F7-4668-BE54-9A1E7A4F7556}") = "EmployeeManagement.Api", "EmployeeManagement.Api\EmployeeManagement.Api.csproj", "{5523DB18-BFE5-4C82-A3DA-28427652D3CF}"
EndProject
Project("{9A19103F-16F7-4668-BE54-9A1E7A4F7556}") = "ViewModel.Models", "ViewModel.Models\ViewModel.Models.csproj", "{2436838A-AD2B-45A7-8C80-9C8B45394D9D}"
EndProject
Project("{9A19103F-16F7-4668-BE54-9A1E7A4F7556}") = "Infrastructure", "Infrastructure\Infrastructure.csproj", "{478C2A05-DE06-4BB5-B5FD-ACE6811BED96}"
EndProject
Project("{9A19103F-16F7-4668-BE54-9A1E7A4F7556}") = "EmployeeManagement.Models", "EmployeeManagement.Models\EmployeeManagement.Models.csproj", "{1390F3E6-2E81-4E54-8D97-C027034349F6}"
EndProject
Project("{FAE04EC0-301F-11D3-BF4B-00C04F79EFBC}") = "PragimTech.Components", "PragimTech.Components\PragimTech.Components.csproj", "{91EA029A-1CFD-41FA-A946-2D9B76FEC9DA}"
EndProject
Global
	GlobalSection(SolutionConfigurationPlatforms) = preSolution
		Debug|Any CPU = Debug|Any CPU
		Release|Any CPU = Release|Any CPU
	EndGlobalSection
	GlobalSection(ProjectConfigurationPlatforms) = postSolution
		{A5D98519-DA02-4CBD-8D34-80B62D16DE0F}.Debug|Any CPU.ActiveCfg = Debug|Any CPU
		{A5D98519-DA02-4CBD-8D34-80B62D16DE0F}.Debug|Any CPU.Build.0 = Debug|Any CPU
		{A5D98519-DA02-4CBD-8D34-80B62D16DE0F}.Release|Any CPU.ActiveCfg = Release|Any CPU
		{A5D98519-DA02-4CBD-8D34-80B62D16DE0F}.Release|Any CPU.Build.0 = Release|Any CPU
		{5523DB18-BFE5-4C82-A3DA-28427652D3CF}.Debug|Any CPU.ActiveCfg = Debug|Any CPU
		{5523DB18-BFE5-4C82-A3DA-28427652D3CF}.Debug|Any CPU.Build.0 = Debug|Any CPU
		{5523DB18-BFE5-4C82-A3DA-28427652D3CF}.Release|Any CPU.ActiveCfg = Release|Any CPU
		{5523DB18-BFE5-4C82-A3DA-28427652D3CF}.Release|Any CPU.Build.0 = Release|Any CPU
		{2436838A-AD2B-45A7-8C80-9C8B45394D9D}.Debug|Any CPU.ActiveCfg = Debug|Any CPU
		{2436838A-AD2B-45A7-8C80-9C8B45394D9D}.Debug|Any CPU.Build.0 = Debug|Any CPU
		{2436838A-AD2B-45A7-8C80-9C8B45394D9D}.Release|Any CPU.ActiveCfg = Release|Any CPU
		{2436838A-AD2B-45A7-8C80-9C8B45394D9D}.Release|Any CPU.Build.0 = Release|Any CPU
		{478C2A05-DE06-4BB5-B5FD-ACE6811BED96}.Debug|Any CPU.ActiveCfg = Debug|Any CPU
		{478C2A05-DE06-4BB5-B5FD-ACE6811BED96}.Debug|Any CPU.Build.0 = Debug|Any CPU
		{478C2A05-DE06-4BB5-B5FD-ACE6811BED96}.Release|Any CPU.ActiveCfg = Release|Any CPU
		{478C2A05-DE06-4BB5-B5FD-ACE6811BED96}.Release|Any CPU.Build.0 = Release|Any CPU
		{1390F3E6-2E81-4E54-8D97-C027034349F6}.Debug|Any CPU.ActiveCfg = Debug|Any CPU
		{1390F3E6-2E81-4E54-8D97-C027034349F6}.Debug|Any CPU.Build.0 = Debug|Any CPU
		{1390F3E6-2E81-4E54-8D97-C027034349F6}.Release|Any CPU.ActiveCfg = Release|Any CPU
		{1390F3E6-2E81-4E54-8D97-C027034349F6}.Release|Any CPU.Build.0 = Release|Any CPU
		{91EA029A-1CFD-41FA-A946-2D9B76FEC9DA}.Debug|Any CPU.ActiveCfg = Debug|Any CPU
		{91EA029A-1CFD-41FA-A946-2D9B76FEC9DA}.Debug|Any CPU.Build.0 = Debug|Any CPU
		{91EA029A-1CFD-41FA-A946-2D9B76FEC9DA}.Release|Any CPU.ActiveCfg = Release|Any CPU
		{91EA029A-1CFD-41FA-A946-2D9B76FEC9DA}.Release|Any CPU.Build.0 = Release|Any CPU
	EndGlobalSection
	GlobalSection(SolutionProperties) = preSolution
		HideSolutionNode = FALSE
	EndGlobalSection
	GlobalSection(ExtensibilityGlobals) = postSolution
		SolutionGuid = {BA16728F-2841-40A9-86C2-82A47A6AF2A1}
	EndGlobalSection
EndGlobal
