
Microsoft Visual Studio Solution File, Format Version 12.00
# Visual Studio Version 16
VisualStudioVersion = 16.0.30114.105
MinimumVisualStudioVersion = 10.0.40219.1
Project("{9A19103F-16F7-4668-BE54-9A1E7A4F7556}") = "ProgLix", "ProgLix\ProgLix.csproj", "{5C1C05A9-4BBE-42AF-9A2C-66F2BA5DD7FC}"
EndProject
Global
	GlobalSection(SolutionConfigurationPlatforms) = preSolution
		Debug|Any CPU = Debug|Any CPU
		Release|Any CPU = Release|Any CPU
	EndGlobalSection
	GlobalSection(ProjectConfigurationPlatforms) = postSolution
		{5C1C05A9-4BBE-42AF-9A2C-66F2BA5DD7FC}.Debug|Any CPU.ActiveCfg = Debug|Any CPU
		{5C1C05A9-4BBE-42AF-9A2C-66F2BA5DD7FC}.Debug|Any CPU.Build.0 = Debug|Any CPU
		{5C1C05A9-4BBE-42AF-9A2C-66F2BA5DD7FC}.Release|Any CPU.ActiveCfg = Release|Any CPU
		{5C1C05A9-4BBE-42AF-9A2C-66F2BA5DD7FC}.Release|Any CPU.Build.0 = Release|Any CPU
	EndGlobalSection
	GlobalSection(SolutionProperties) = preSolution
		HideSolutionNode = FALSE
	EndGlobalSection
	GlobalSection(ExtensibilityGlobals) = postSolution
		SolutionGuid = {055470B8-87CA-429F-884F-AEF713E24A4A}
	EndGlobalSection
EndGlobal
